// !$*UTF8*$!
{
	archiveVersion = 1;
	classes = {
	};
	objectVersion = 46;
	objects = {

/* Begin PBXBuildFile section */
		06293A8F1712846F00AA4417 /* MiniBrowserPolicyDelegate.m in Sources */ = {isa = PBXBuildFile; fileRef = 06293A8E1712846F00AA4417 /* MiniBrowserPolicyDelegate.m */; };
		06293A9C1712A6AA00AA4417 /* ASLogger.m in Sources */ = {isa = PBXBuildFile; fileRef = 06293A961712A6AA00AA4417 /* ASLogger.m */; };
		06293A9D1712A6AA00AA4417 /* ASLQuery.m in Sources */ = {isa = PBXBuildFile; fileRef = 06293A981712A6AA00AA4417 /* ASLQuery.m */; };
		06293A9E1712A6AA00AA4417 /* ASLResponse.m in Sources */ = {isa = PBXBuildFile; fileRef = 06293A9A1712A6AA00AA4417 /* ASLResponse.m */; };
		06293AA71712A81500AA4417 /* errors.html in Resources */ = {isa = PBXBuildFile; fileRef = 06293AA51712A81500AA4417 /* errors.html */; };
		06293AA81712A81500AA4417 /* Question.png in Resources */ = {isa = PBXBuildFile; fileRef = 06293AA61712A81500AA4417 /* Question.png */; };
		06293AA91712ABB500AA4417 /* ASLMessage.m in Sources */ = {isa = PBXBuildFile; fileRef = 06293A941712A6AA00AA4417 /* ASLMessage.m */; };
		0635BB0F170A63B10064AD9A /* back.png in Resources */ = {isa = PBXBuildFile; fileRef = 0635BB0B170A63B10064AD9A /* back.png */; };
		0635BB10170A63B10064AD9A /* forward.png in Resources */ = {isa = PBXBuildFile; fileRef = 0635BB0C170A63B10064AD9A /* forward.png */; };
		0635BB11170A63B10064AD9A /* refresh.png in Resources */ = {isa = PBXBuildFile; fileRef = 0635BB0D170A63B10064AD9A /* refresh.png */; };
		0635BB12170A63B10064AD9A /* stop.png in Resources */ = {isa = PBXBuildFile; fileRef = 0635BB0E170A63B10064AD9A /* stop.png */; };
		0635BB8B170AE7C20064AD9A /* go.png in Resources */ = {isa = PBXBuildFile; fileRef = 0635BB8A170AE7C20064AD9A /* go.png */; };
		0681E6F417096EB600955434 /* Cocoa.framework in Frameworks */ = {isa = PBXBuildFile; fileRef = 0681E6F317096EB600955434 /* Cocoa.framework */; };
		0681E6FE17096EB600955434 /* InfoPlist.strings in Resources */ = {isa = PBXBuildFile; fileRef = 0681E6FC17096EB600955434 /* InfoPlist.strings */; };
		0681E70017096EB600955434 /* main.m in Sources */ = {isa = PBXBuildFile; fileRef = 0681E6FF17096EB600955434 /* main.m */; };
		0681E70417096EB600955434 /* Credits.rtf in Resources */ = {isa = PBXBuildFile; fileRef = 0681E70217096EB600955434 /* Credits.rtf */; };
		0681E70717096EB600955434 /* MiniBrowserDocument.m in Sources */ = {isa = PBXBuildFile; fileRef = 0681E70617096EB600955434 /* MiniBrowserDocument.m */; };
		0681E70A17096EB600955434 /* MiniBrowserDocument.xib in Resources */ = {isa = PBXBuildFile; fileRef = 0681E70817096EB600955434 /* MiniBrowserDocument.xib */; };
		0681E70D17096EB700955434 /* MainMenu.xib in Resources */ = {isa = PBXBuildFile; fileRef = 0681E70B17096EB700955434 /* MainMenu.xib */; };
		0681E71417096F1300955434 /* WebKit.framework in Frameworks */ = {isa = PBXBuildFile; fileRef = 0681E71317096F1300955434 /* WebKit.framework */; };
		0681E7271709797B00955434 /* MiniBrowserWindowController.m in Sources */ = {isa = PBXBuildFile; fileRef = 0681E7261709797B00955434 /* MiniBrowserWindowController.m */; };
		0681E72E1709885600955434 /* MiniBrowserFrameLoaderClients.m in Sources */ = {isa = PBXBuildFile; fileRef = 0681E72D1709885600955434 /* MiniBrowserFrameLoaderClients.m */; };
		069F2C95170BCB7E0081130D /* MiniBrowser.icns in Resources */ = {isa = PBXBuildFile; fileRef = 069F2C94170BCB7E0081130D /* MiniBrowser.icns */; };
		06B65CE61725083D00F07671 /* Logging.cpp in Sources */ = {isa = PBXBuildFile; fileRef = 06B65CE31725070400F07671 /* Logging.cpp */; };
		06C8E1FA1714120D00E9E102 /* MiniBrowserWebViewDelegates.m in Sources */ = {isa = PBXBuildFile; fileRef = 06C8E1F91714120D00E9E102 /* MiniBrowserWebViewDelegates.m */; };
		06F3CA4517154AF00075D364 /* MiniBrowserNavigatorButton.m in Sources */ = {isa = PBXBuildFile; fileRef = 06F3CA4417154AF00075D364 /* MiniBrowserNavigatorButton.m */; };
/* End PBXBuildFile section */

/* Begin PBXFileReference section */
		06293A8D1712846F00AA4417 /* MiniBrowserPolicyDelegate.h */ = {isa = PBXFileReference; fileEncoding = 4; lastKnownFileType = sourcecode.c.h; path = MiniBrowserPolicyDelegate.h; sourceTree = "<group>"; };
		06293A8E1712846F00AA4417 /* MiniBrowserPolicyDelegate.m */ = {isa = PBXFileReference; fileEncoding = 4; lastKnownFileType = sourcecode.c.objc; path = MiniBrowserPolicyDelegate.m; sourceTree = "<group>"; };
		06293A911712A0F800AA4417 /* CommonDefinition.h */ = {isa = PBXFileReference; lastKnownFileType = sourcecode.c.h; path = CommonDefinition.h; sourceTree = "<group>"; };
		06293A931712A6AA00AA4417 /* ASLMessage.h */ = {isa = PBXFileReference; fileEncoding = 4; lastKnownFileType = sourcecode.c.h; path = ASLMessage.h; sourceTree = "<group>"; };
		06293A941712A6AA00AA4417 /* ASLMessage.m */ = {isa = PBXFileReference; fileEncoding = 4; lastKnownFileType = sourcecode.c.objc; path = ASLMessage.m; sourceTree = "<group>"; };
		06293A951712A6AA00AA4417 /* ASLogger.h */ = {isa = PBXFileReference; fileEncoding = 4; lastKnownFileType = sourcecode.c.h; path = ASLogger.h; sourceTree = "<group>"; };
		06293A961712A6AA00AA4417 /* ASLogger.m */ = {isa = PBXFileReference; fileEncoding = 4; lastKnownFileType = sourcecode.c.objc; path = ASLogger.m; sourceTree = "<group>"; };
		06293A971712A6AA00AA4417 /* ASLQuery.h */ = {isa = PBXFileReference; fileEncoding = 4; lastKnownFileType = sourcecode.c.h; path = ASLQuery.h; sourceTree = "<group>"; };
		06293A981712A6AA00AA4417 /* ASLQuery.m */ = {isa = PBXFileReference; fileEncoding = 4; lastKnownFileType = sourcecode.c.objc; path = ASLQuery.m; sourceTree = "<group>"; };
		06293A991712A6AA00AA4417 /* ASLResponse.h */ = {isa = PBXFileReference; fileEncoding = 4; lastKnownFileType = sourcecode.c.h; path = ASLResponse.h; sourceTree = "<group>"; };
		06293A9A1712A6AA00AA4417 /* ASLResponse.m */ = {isa = PBXFileReference; fileEncoding = 4; lastKnownFileType = sourcecode.c.objc; path = ASLResponse.m; sourceTree = "<group>"; };
		06293A9F1712A74A00AA4417 /* NSData+Base64.h */ = {isa = PBXFileReference; lastKnownFileType = sourcecode.c.h; path = "NSData+Base64.h"; sourceTree = "<group>"; };
		06293AA01712A74A00AA4417 /* NSData+Base64.m */ = {isa = PBXFileReference; lastKnownFileType = sourcecode.c.objc; path = "NSData+Base64.m"; sourceTree = "<group>"; };
		06293AA11712A74B00AA4417 /* NSObject+Properties.h */ = {isa = PBXFileReference; lastKnownFileType = sourcecode.c.h; path = "NSObject+Properties.h"; sourceTree = "<group>"; };
		06293AA21712A74B00AA4417 /* NSObject+Properties.m */ = {isa = PBXFileReference; lastKnownFileType = sourcecode.c.objc; path = "NSObject+Properties.m"; sourceTree = "<group>"; };
		06293AA51712A81500AA4417 /* errors.html */ = {isa = PBXFileReference; fileEncoding = 4; lastKnownFileType = text.html; path = errors.html; sourceTree = "<group>"; };
		06293AA61712A81500AA4417 /* Question.png */ = {isa = PBXFileReference; lastKnownFileType = image.png; path = Question.png; sourceTree = "<group>"; };
		06293B7E1713A57E00AA4417 /* WebInspector.h */ = {isa = PBXFileReference; fileEncoding = 4; lastKnownFileType = sourcecode.c.h; path = WebInspector.h; sourceTree = "<group>"; };
		0635BB0B170A63B10064AD9A /* back.png */ = {isa = PBXFileReference; lastKnownFileType = image.png; path = back.png; sourceTree = "<group>"; };
		0635BB0C170A63B10064AD9A /* forward.png */ = {isa = PBXFileReference; lastKnownFileType = image.png; path = forward.png; sourceTree = "<group>"; };
		0635BB0D170A63B10064AD9A /* refresh.png */ = {isa = PBXFileReference; lastKnownFileType = image.png; path = refresh.png; sourceTree = "<group>"; };
		0635BB0E170A63B10064AD9A /* stop.png */ = {isa = PBXFileReference; lastKnownFileType = image.png; path = stop.png; sourceTree = "<group>"; };
		0635BB8A170AE7C20064AD9A /* go.png */ = {isa = PBXFileReference; lastKnownFileType = image.png; path = go.png; sourceTree = "<group>"; };
		0681E6EF17096EB600955434 /* MiniBrowser.app */ = {isa = PBXFileReference; explicitFileType = wrapper.application; includeInIndex = 0; path = MiniBrowser.app; sourceTree = BUILT_PRODUCTS_DIR; };
		0681E6F317096EB600955434 /* Cocoa.framework */ = {isa = PBXFileReference; lastKnownFileType = wrapper.framework; name = Cocoa.framework; path = System/Library/Frameworks/Cocoa.framework; sourceTree = SDKROOT; };
		0681E6F617096EB600955434 /* AppKit.framework */ = {isa = PBXFileReference; lastKnownFileType = wrapper.framework; name = AppKit.framework; path = System/Library/Frameworks/AppKit.framework; sourceTree = SDKROOT; };
		0681E6F717096EB600955434 /* CoreData.framework */ = {isa = PBXFileReference; lastKnownFileType = wrapper.framework; name = CoreData.framework; path = System/Library/Frameworks/CoreData.framework; sourceTree = SDKROOT; };
		0681E6F817096EB600955434 /* Foundation.framework */ = {isa = PBXFileReference; lastKnownFileType = wrapper.framework; name = Foundation.framework; path = System/Library/Frameworks/Foundation.framework; sourceTree = SDKROOT; };
		0681E6FB17096EB600955434 /* MiniBrowser-Info.plist */ = {isa = PBXFileReference; lastKnownFileType = text.plist.xml; path = "MiniBrowser-Info.plist"; sourceTree = "<group>"; };
		0681E6FD17096EB600955434 /* en */ = {isa = PBXFileReference; lastKnownFileType = text.plist.strings; name = en; path = en.lproj/InfoPlist.strings; sourceTree = "<group>"; };
		0681E6FF17096EB600955434 /* main.m */ = {isa = PBXFileReference; lastKnownFileType = sourcecode.c.objc; path = main.m; sourceTree = "<group>"; };
		0681E70117096EB600955434 /* MiniBrowser-Prefix.pch */ = {isa = PBXFileReference; lastKnownFileType = sourcecode.c.h; path = "MiniBrowser-Prefix.pch"; sourceTree = "<group>"; };
		0681E70317096EB600955434 /* en */ = {isa = PBXFileReference; lastKnownFileType = text.rtf; name = en; path = en.lproj/Credits.rtf; sourceTree = "<group>"; };
		0681E70517096EB600955434 /* MiniBrowserDocument.h */ = {isa = PBXFileReference; lastKnownFileType = sourcecode.c.h; path = MiniBrowserDocument.h; sourceTree = "<group>"; };
		0681E70617096EB600955434 /* MiniBrowserDocument.m */ = {isa = PBXFileReference; lastKnownFileType = sourcecode.c.objc; path = MiniBrowserDocument.m; sourceTree = "<group>"; };
		0681E70917096EB600955434 /* en */ = {isa = PBXFileReference; lastKnownFileType = file.xib; name = en; path = en.lproj/MiniBrowserDocument.xib; sourceTree = "<group>"; };
		0681E70C17096EB700955434 /* en */ = {isa = PBXFileReference; lastKnownFileType = file.xib; name = en; path = en.lproj/MainMenu.xib; sourceTree = "<group>"; };
		0681E71317096F1300955434 /* WebKit.framework */ = {isa = PBXFileReference; lastKnownFileType = wrapper.framework; name = WebKit.framework; path = System/Library/Frameworks/WebKit.framework; sourceTree = SDKROOT; };
		0681E7251709797B00955434 /* MiniBrowserWindowController.h */ = {isa = PBXFileReference; fileEncoding = 4; lastKnownFileType = sourcecode.c.h; path = MiniBrowserWindowController.h; sourceTree = "<group>"; };
		0681E7261709797B00955434 /* MiniBrowserWindowController.m */ = {isa = PBXFileReference; fileEncoding = 4; lastKnownFileType = sourcecode.c.objc; path = MiniBrowserWindowController.m; sourceTree = "<group>"; };
		0681E72C1709885600955434 /* MiniBrowserFrameLoaderClients.h */ = {isa = PBXFileReference; fileEncoding = 4; lastKnownFileType = sourcecode.c.h; path = MiniBrowserFrameLoaderClients.h; sourceTree = "<group>"; };
		0681E72D1709885600955434 /* MiniBrowserFrameLoaderClients.m */ = {isa = PBXFileReference; fileEncoding = 4; lastKnownFileType = sourcecode.c.objc; path = MiniBrowserFrameLoaderClients.m; sourceTree = "<group>"; };
		069F2C94170BCB7E0081130D /* MiniBrowser.icns */ = {isa = PBXFileReference; lastKnownFileType = image.icns; path = MiniBrowser.icns; sourceTree = "<group>"; };
		06B65CE31725070400F07671 /* Logging.cpp */ = {isa = PBXFileReference; explicitFileType = sourcecode.cpp.objcpp; name = Logging.cpp; path = WebCore/Logging.cpp; sourceTree = "<group>"; };
		06B65CE41725070400F07671 /* Logging.h */ = {isa = PBXFileReference; lastKnownFileType = sourcecode.c.h; name = Logging.h; path = WebCore/Logging.h; sourceTree = "<group>"; };
		06C8E1F81714120D00E9E102 /* MiniBrowserWebViewDelegates.h */ = {isa = PBXFileReference; fileEncoding = 4; lastKnownFileType = sourcecode.c.h; path = MiniBrowserWebViewDelegates.h; sourceTree = "<group>"; };
		06C8E1F91714120D00E9E102 /* MiniBrowserWebViewDelegates.m */ = {isa = PBXFileReference; fileEncoding = 4; lastKnownFileType = sourcecode.c.objc; path = MiniBrowserWebViewDelegates.m; sourceTree = "<group>"; };
		06F3CA4317154AF00075D364 /* MiniBrowserNavigatorButton.h */ = {isa = PBXFileReference; fileEncoding = 4; lastKnownFileType = sourcecode.c.h; name = MiniBrowserNavigatorButton.h; path = CustomClass/MiniBrowserNavigatorButton.h; sourceTree = "<group>"; };
		06F3CA4417154AF00075D364 /* MiniBrowserNavigatorButton.m */ = {isa = PBXFileReference; fileEncoding = 4; lastKnownFileType = sourcecode.c.objc; name = MiniBrowserNavigatorButton.m; path = CustomClass/MiniBrowserNavigatorButton.m; sourceTree = "<group>"; };
/* End PBXFileReference section */

/* Begin PBXFrameworksBuildPhase section */
		0681E6EC17096EB600955434 /* Frameworks */ = {
			isa = PBXFrameworksBuildPhase;
			buildActionMask = 2147483647;
			files = (
				0681E71417096F1300955434 /* WebKit.framework in Frameworks */,
				0681E6F417096EB600955434 /* Cocoa.framework in Frameworks */,
			);
			runOnlyForDeploymentPostprocessing = 0;
		};
/* End PBXFrameworksBuildPhase section */

/* Begin PBXGroup section */
		06293A921712A6AA00AA4417 /* ASLogger */ = {
			isa = PBXGroup;
			children = (
				06293A9F1712A74A00AA4417 /* NSData+Base64.h */,
				06293AA01712A74A00AA4417 /* NSData+Base64.m */,
				06293AA11712A74B00AA4417 /* NSObject+Properties.h */,
				06293AA21712A74B00AA4417 /* NSObject+Properties.m */,
				06293A931712A6AA00AA4417 /* ASLMessage.h */,
				06293A941712A6AA00AA4417 /* ASLMessage.m */,
				06293A951712A6AA00AA4417 /* ASLogger.h */,
				06293A961712A6AA00AA4417 /* ASLogger.m */,
				06293A971712A6AA00AA4417 /* ASLQuery.h */,
				06293A981712A6AA00AA4417 /* ASLQuery.m */,
				06293A991712A6AA00AA4417 /* ASLResponse.h */,
				06293A9A1712A6AA00AA4417 /* ASLResponse.m */,
			);
			path = ASLogger;
			sourceTree = "<group>";
		};
		06293AA41712A81500AA4417 /* WebPages */ = {
			isa = PBXGroup;
			children = (
				06293AA51712A81500AA4417 /* errors.html */,
				06293AA61712A81500AA4417 /* Question.png */,
			);
			path = WebPages;
			sourceTree = "<group>";
		};
		0635BB0A170A63B10064AD9A /* res */ = {
			isa = PBXGroup;
			children = (
				06293AA41712A81500AA4417 /* WebPages */,
				069F2C94170BCB7E0081130D /* MiniBrowser.icns */,
				0635BB8A170AE7C20064AD9A /* go.png */,
				0635BB0B170A63B10064AD9A /* back.png */,
				0635BB0C170A63B10064AD9A /* forward.png */,
				0635BB0D170A63B10064AD9A /* refresh.png */,
				0635BB0E170A63B10064AD9A /* stop.png */,
			);
			path = res;
			sourceTree = "<group>";
		};
		0681E6E417096EB600955434 = {
			isa = PBXGroup;
			children = (
				0681E6F917096EB600955434 /* MiniBrowser */,
				0681E6F217096EB600955434 /* Frameworks */,
				0681E6F017096EB600955434 /* Products */,
			);
			sourceTree = "<group>";
		};
		0681E6F017096EB600955434 /* Products */ = {
			isa = PBXGroup;
			children = (
				0681E6EF17096EB600955434 /* MiniBrowser.app */,
			);
			name = Products;
			sourceTree = "<group>";
		};
		0681E6F217096EB600955434 /* Frameworks */ = {
			isa = PBXGroup;
			children = (
				0681E71317096F1300955434 /* WebKit.framework */,
				0681E6F317096EB600955434 /* Cocoa.framework */,
				0681E6F517096EB600955434 /* Other Frameworks */,
			);
			name = Frameworks;
			sourceTree = "<group>";
		};
		0681E6F517096EB600955434 /* Other Frameworks */ = {
			isa = PBXGroup;
			children = (
				0681E6F617096EB600955434 /* AppKit.framework */,
				0681E6F717096EB600955434 /* CoreData.framework */,
				0681E6F817096EB600955434 /* Foundation.framework */,
			);
			name = "Other Frameworks";
			sourceTree = "<group>";
		};
		0681E6F917096EB600955434 /* MiniBrowser */ = {
			isa = PBXGroup;
			children = (
				06B65CE1172506F200F07671 /* WebCore */,
				06F3CA4117154AA50075D364 /* CustomButton */,
				06293A921712A6AA00AA4417 /* ASLogger */,
				0635BB0A170A63B10064AD9A /* res */,
				0681E7301709885E00955434 /* Delegates */,
				0681E70517096EB600955434 /* MiniBrowserDocument.h */,
				0681E70617096EB600955434 /* MiniBrowserDocument.m */,
				0681E70817096EB600955434 /* MiniBrowserDocument.xib */,
				0681E70B17096EB700955434 /* MainMenu.xib */,
				0681E6FA17096EB600955434 /* Supporting Files */,
				0681E7251709797B00955434 /* MiniBrowserWindowController.h */,
				0681E7261709797B00955434 /* MiniBrowserWindowController.m */,
				06293A911712A0F800AA4417 /* CommonDefinition.h */,
				06293B7E1713A57E00AA4417 /* WebInspector.h */,
			);
			path = MiniBrowser;
			sourceTree = "<group>";
		};
		0681E6FA17096EB600955434 /* Supporting Files */ = {
			isa = PBXGroup;
			children = (
				0681E6FB17096EB600955434 /* MiniBrowser-Info.plist */,
				0681E6FC17096EB600955434 /* InfoPlist.strings */,
				0681E6FF17096EB600955434 /* main.m */,
				0681E70117096EB600955434 /* MiniBrowser-Prefix.pch */,
				0681E70217096EB600955434 /* Credits.rtf */,
			);
			name = "Supporting Files";
			sourceTree = "<group>";
		};
		0681E7301709885E00955434 /* Delegates */ = {
			isa = PBXGroup;
			children = (
				0681E72C1709885600955434 /* MiniBrowserFrameLoaderClients.h */,
				0681E72D1709885600955434 /* MiniBrowserFrameLoaderClients.m */,
				06293A8D1712846F00AA4417 /* MiniBrowserPolicyDelegate.h */,
				06293A8E1712846F00AA4417 /* MiniBrowserPolicyDelegate.m */,
				06C8E1F81714120D00E9E102 /* MiniBrowserWebViewDelegates.h */,
				06C8E1F91714120D00E9E102 /* MiniBrowserWebViewDelegates.m */,
			);
			name = Delegates;
			sourceTree = "<group>";
		};
		06B65CE1172506F200F07671 /* WebCore */ = {
			isa = PBXGroup;
			children = (
				06B65CE31725070400F07671 /* Logging.cpp */,
				06B65CE41725070400F07671 /* Logging.h */,
			);
			name = WebCore;
			sourceTree = "<group>";
		};
		06F3CA4117154AA50075D364 /* CustomButton */ = {
			isa = PBXGroup;
			children = (
				06F3CA4317154AF00075D364 /* MiniBrowserNavigatorButton.h */,
				06F3CA4417154AF00075D364 /* MiniBrowserNavigatorButton.m */,
			);
			name = CustomButton;
			sourceTree = "<group>";
		};
/* End PBXGroup section */

/* Begin PBXNativeTarget section */
		0681E6EE17096EB600955434 /* MiniBrowser */ = {
			isa = PBXNativeTarget;
			buildConfigurationList = 0681E71017096EB700955434 /* Build configuration list for PBXNativeTarget "MiniBrowser" */;
			buildPhases = (
				0681E6EB17096EB600955434 /* Sources */,
				0681E6EC17096EB600955434 /* Frameworks */,
				0681E6ED17096EB600955434 /* Resources */,
			);
			buildRules = (
			);
			dependencies = (
			);
			name = MiniBrowser;
			productName = MiniBrowser;
			productReference = 0681E6EF17096EB600955434 /* MiniBrowser.app */;
			productType = "com.apple.product-type.application";
		};
/* End PBXNativeTarget section */

/* Begin PBXProject section */
		0681E6E617096EB600955434 /* Project object */ = {
			isa = PBXProject;
			attributes = {
				CLASSPREFIX = MiniBrowser;
				LastUpgradeCheck = 0450;
				ORGANIZATIONNAME = "Horky Chen";
			};
			buildConfigurationList = 0681E6E917096EB600955434 /* Build configuration list for PBXProject "MiniBrowser" */;
			compatibilityVersion = "Xcode 3.2";
			developmentRegion = English;
			hasScannedForEncodings = 0;
			knownRegions = (
				en,
			);
			mainGroup = 0681E6E417096EB600955434;
			productRefGroup = 0681E6F017096EB600955434 /* Products */;
			projectDirPath = "";
			projectRoot = "";
			targets = (
				0681E6EE17096EB600955434 /* MiniBrowser */,
			);
		};
/* End PBXProject section */

/* Begin PBXResourcesBuildPhase section */
		0681E6ED17096EB600955434 /* Resources */ = {
			isa = PBXResourcesBuildPhase;
			buildActionMask = 2147483647;
			files = (
				0681E6FE17096EB600955434 /* InfoPlist.strings in Resources */,
				0681E70417096EB600955434 /* Credits.rtf in Resources */,
				0681E70A17096EB600955434 /* MiniBrowserDocument.xib in Resources */,
				0681E70D17096EB700955434 /* MainMenu.xib in Resources */,
				0635BB0F170A63B10064AD9A /* back.png in Resources */,
				0635BB10170A63B10064AD9A /* forward.png in Resources */,
				0635BB11170A63B10064AD9A /* refresh.png in Resources */,
				0635BB12170A63B10064AD9A /* stop.png in Resources */,
				0635BB8B170AE7C20064AD9A /* go.png in Resources */,
				069F2C95170BCB7E0081130D /* MiniBrowser.icns in Resources */,
				06293AA71712A81500AA4417 /* errors.html in Resources */,
				06293AA81712A81500AA4417 /* Question.png in Resources */,
			);
			runOnlyForDeploymentPostprocessing = 0;
		};
/* End PBXResourcesBuildPhase section */

/* Begin PBXSourcesBuildPhase section */
		0681E6EB17096EB600955434 /* Sources */ = {
			isa = PBXSourcesBuildPhase;
			buildActionMask = 2147483647;
			files = (
				0681E70017096EB600955434 /* main.m in Sources */,
				0681E70717096EB600955434 /* MiniBrowserDocument.m in Sources */,
				0681E7271709797B00955434 /* MiniBrowserWindowController.m in Sources */,
				0681E72E1709885600955434 /* MiniBrowserFrameLoaderClients.m in Sources */,
				06293A8F1712846F00AA4417 /* MiniBrowserPolicyDelegate.m in Sources */,
				06293A9C1712A6AA00AA4417 /* ASLogger.m in Sources */,
				06293A9D1712A6AA00AA4417 /* ASLQuery.m in Sources */,
				06293A9E1712A6AA00AA4417 /* ASLResponse.m in Sources */,
				06293AA91712ABB500AA4417 /* ASLMessage.m in Sources */,
				06C8E1FA1714120D00E9E102 /* MiniBrowserWebViewDelegates.m in Sources */,
				06F3CA4517154AF00075D364 /* MiniBrowserNavigatorButton.m in Sources */,
				06B65CE61725083D00F07671 /* Logging.cpp in Sources */,
			);
			runOnlyForDeploymentPostprocessing = 0;
		};
/* End PBXSourcesBuildPhase section */

/* Begin PBXVariantGroup section */
		0681E6FC17096EB600955434 /* InfoPlist.strings */ = {
			isa = PBXVariantGroup;
			children = (
				0681E6FD17096EB600955434 /* en */,
			);
			name = InfoPlist.strings;
			sourceTree = "<group>";
		};
		0681E70217096EB600955434 /* Credits.rtf */ = {
			isa = PBXVariantGroup;
			children = (
				0681E70317096EB600955434 /* en */,
			);
			name = Credits.rtf;
			sourceTree = "<group>";
		};
		0681E70817096EB600955434 /* MiniBrowserDocument.xib */ = {
			isa = PBXVariantGroup;
			children = (
				0681E70917096EB600955434 /* en */,
			);
			name = MiniBrowserDocument.xib;
			sourceTree = "<group>";
		};
		0681E70B17096EB700955434 /* MainMenu.xib */ = {
			isa = PBXVariantGroup;
			children = (
				0681E70C17096EB700955434 /* en */,
			);
			name = MainMenu.xib;
			sourceTree = "<group>";
		};
/* End PBXVariantGroup section */

/* Begin XCBuildConfiguration section */
		0681E70E17096EB700955434 /* Debug */ = {
			isa = XCBuildConfiguration;
			buildSettings = {
				ALWAYS_SEARCH_USER_PATHS = NO;
				ARCHS = "$(ARCHS_STANDARD_64_BIT)";
				CLANG_CXX_LANGUAGE_STANDARD = "gnu++0x";
				CLANG_CXX_LIBRARY = "libc++";
				CLANG_WARN_EMPTY_BODY = YES;
				CLANG_WARN__DUPLICATE_METHOD_MATCH = YES;
				COPY_PHASE_STRIP = NO;
				GCC_C_LANGUAGE_STANDARD = gnu99;
				GCC_DYNAMIC_NO_PIC = NO;
				GCC_ENABLE_OBJC_EXCEPTIONS = YES;
				GCC_OPTIMIZATION_LEVEL = 0;
				GCC_PREPROCESSOR_DEFINITIONS = (
					"DEBUG=1",
					"$(inherited)",
				);
				GCC_SYMBOLS_PRIVATE_EXTERN = NO;
				GCC_WARN_64_TO_32_BIT_CONVERSION = YES;
				GCC_WARN_ABOUT_RETURN_TYPE = YES;
				GCC_WARN_UNINITIALIZED_AUTOS = YES;
				GCC_WARN_UNUSED_VARIABLE = YES;
				MACOSX_DEPLOYMENT_TARGET = 10.8;
				ONLY_ACTIVE_ARCH = YES;
				SDKROOT = macosx;
			};
			name = Debug;
		};
		0681E70F17096EB700955434 /* Release */ = {
			isa = XCBuildConfiguration;
			buildSettings = {
				ALWAYS_SEARCH_USER_PATHS = NO;
				ARCHS = "$(ARCHS_STANDARD_64_BIT)";
				CLANG_CXX_LANGUAGE_STANDARD = "gnu++0x";
				CLANG_CXX_LIBRARY = "libc++";
				CLANG_WARN_EMPTY_BODY = YES;
				CLANG_WARN__DUPLICATE_METHOD_MATCH = YES;
				COPY_PHASE_STRIP = YES;
				DEBUG_INFORMATION_FORMAT = "dwarf-with-dsym";
				GCC_C_LANGUAGE_STANDARD = gnu99;
				GCC_ENABLE_OBJC_EXCEPTIONS = YES;
				GCC_WARN_64_TO_32_BIT_CONVERSION = YES;
				GCC_WARN_ABOUT_RETURN_TYPE = YES;
				GCC_WARN_UNINITIALIZED_AUTOS = YES;
				GCC_WARN_UNUSED_VARIABLE = YES;
				MACOSX_DEPLOYMENT_TARGET = 10.8;
				SDKROOT = macosx;
			};
			name = Release;
		};
		0681E71117096EB700955434 /* Debug */ = {
			isa = XCBuildConfiguration;
			buildSettings = {
				COMBINE_HIDPI_IMAGES = YES;
				FRAMEWORK_SEARCH_PATHS = "$(inherited)";
				GCC_PRECOMPILE_PREFIX_HEADER = YES;
				GCC_PREFIX_HEADER = "MiniBrowser/MiniBrowser-Prefix.pch";
				INFOPLIST_FILE = "MiniBrowser/MiniBrowser-Info.plist";
				PRODUCT_NAME = "$(TARGET_NAME)";
				WRAPPER_EXTENSION = app;
			};
			name = Debug;
		};
		0681E71217096EB700955434 /* Release */ = {
			isa = XCBuildConfiguration;
			buildSettings = {
				COMBINE_HIDPI_IMAGES = YES;
				FRAMEWORK_SEARCH_PATHS = "$(inherited)";
				GCC_PRECOMPILE_PREFIX_HEADER = YES;
				GCC_PREFIX_HEADER = "MiniBrowser/MiniBrowser-Prefix.pch";
				INFOPLIST_FILE = "MiniBrowser/MiniBrowser-Info.plist";
				PRODUCT_NAME = "$(TARGET_NAME)";
				WRAPPER_EXTENSION = app;
			};
			name = Release;
		};
/* End XCBuildConfiguration section */

/* Begin XCConfigurationList section */
		0681E6E917096EB600955434 /* Build configuration list for PBXProject "MiniBrowser" */ = {
			isa = XCConfigurationList;
			buildConfigurations = (
				0681E70E17096EB700955434 /* Debug */,
				0681E70F17096EB700955434 /* Release */,
			);
			defaultConfigurationIsVisible = 0;
			defaultConfigurationName = Release;
		};
		0681E71017096EB700955434 /* Build configuration list for PBXNativeTarget "MiniBrowser" */ = {
			isa = XCConfigurationList;
			buildConfigurations = (
				0681E71117096EB700955434 /* Debug */,
				0681E71217096EB700955434 /* Release */,
			);
			defaultConfigurationIsVisible = 0;
			defaultConfigurationName = Release;
		};
/* End XCConfigurationList section */
	};
	rootObject = 0681E6E617096EB600955434 /* Project object */;
}
